{
  "name": "crc32mhash",
  "version": "1.0.0",
  "lockfileVersion": 3,
  "requires": true,
  "packages": {
    "": {
      "name": "crc32mhash",
      "version": "1.0.0",
      "license": "ISC",
      "dependencies": {
        "node-crc": "^3.0.2"
      }
    },
    "node_modules/@napi-rs/cli": {
      "version": "2.18.3",
      "resolved": "https://registry.npmjs.org/@napi-rs/cli/-/cli-2.18.3.tgz",
      "integrity": "sha512-L0f4kP0dyG8W5Qtc7MtP73VvLLrOLyRcUEBzknIfu8Jk4Jfhrsx1ItMHgyalYqMSslWdY3ojEfAaU5sx1VyeQQ==",
      "bin": {
        "napi": "scripts/index.js"
      },
      "engines": {
        "node": ">= 10"
      },
      "funding": {
        "type": "github",
        "url": "https://github.com/sponsors/Brooooooklyn"
      }
    },
    "node_modules/@types/node": {
      "version": "20.14.9",
      "resolved": "https://registry.npmjs.org/@types/node/-/node-20.14.9.tgz",
      "integrity": "sha512-06OCtnTXtWOZBJlRApleWndH4JsRVs1pDCc8dLSQp+7PpUpX3ePdHyeNSFTeSe7FtKyQkrlPvHwJOW3SLd8Oyg==",
      "dependencies": {
        "undici-types": "~5.26.4"
      }
    },
    "node_modules/node-crc": {
      "version": "3.0.2",
      "resolved": "https://registry.npmjs.org/node-crc/-/node-crc-3.0.2.tgz",
      "integrity": "sha512-Z0VwDxKPbmOoAXQCf2c8lW8OkwG8Mwtaq2nFOCUvj8Bqsmg5wbY6BTA0fIhQQRFma2sHNnJGYr+6INcXHWOEUw==",
      "hasInstallScript": true,
      "dependencies": {
        "@napi-rs/cli": "^2.16.3",
        "@types/node": "^20.8.2"
      },
      "engines": {
        "node": ">=16"
      }
    },
    "node_modules/undici-types": {
      "version": "5.26.5",
      "resolved": "https://registry.npmjs.org/undici-types/-/undici-types-5.26.5.tgz",
      "integrity": "sha512-JlCMO+ehdEIKqlFxk6IfVoAUVmgz7cU7zD/h9XZ0qzeosSHmUJVOzSQvvYSYWXkFXC+IfLKSIffhv0sVZup6pA=="
    }
  }
}
